// !$*UTF8*$!
{
	archiveVersion = 1;
	classes = {
	};
	objectVersion = 50;
	objects = {

/* Begin PBXBuildFile section */
		EDCC9B7C24309ACE00DAD038 /* AppDelegate.m in Sources */ = {isa = PBXBuildFile; fileRef = EDCC9B7B24309ACE00DAD038 /* AppDelegate.m */; };
		EDCC9B7F24309ACE00DAD038 /* SceneDelegate.m in Sources */ = {isa = PBXBuildFile; fileRef = EDCC9B7E24309ACE00DAD038 /* SceneDelegate.m */; };
		EDCC9B8224309ACE00DAD038 /* ViewController.m in Sources */ = {isa = PBXBuildFile; fileRef = EDCC9B8124309ACE00DAD038 /* ViewController.m */; };
		EDCC9B8524309ACE00DAD038 /* Main.storyboard in Resources */ = {isa = PBXBuildFile; fileRef = EDCC9B8324309ACE00DAD038 /* Main.storyboard */; };
		EDCC9B8724309AD100DAD038 /* Assets.xcassets in Resources */ = {isa = PBXBuildFile; fileRef = EDCC9B8624309AD100DAD038 /* Assets.xcassets */; };
		EDCC9B8A24309AD100DAD038 /* LaunchScreen.storyboard in Resources */ = {isa = PBXBuildFile; fileRef = EDCC9B8824309AD100DAD038 /* LaunchScreen.storyboard */; };
		EDCC9B8D24309AD100DAD038 /* main.m in Sources */ = {isa = PBXBuildFile; fileRef = EDCC9B8C24309AD100DAD038 /* main.m */; };
/* End PBXBuildFile section */

/* Begin PBXFileReference section */
		EDCC9B7724309ACE00DAD038 /* UIElements: UILabel, UIButton, UITextField, UITextView.app */ = {isa = PBXFileReference; explicitFileType = wrapper.application; includeInIndex = 0; path = "UIElements: UILabel, UIButton, UITextField, UITextView.app"; sourceTree = BUILT_PRODUCTS_DIR; };
		EDCC9B7A24309ACE00DAD038 /* AppDelegate.h */ = {isa = PBXFileReference; lastKnownFileType = sourcecode.c.h; path = AppDelegate.h; sourceTree = "<group>"; };
		EDCC9B7B24309ACE00DAD038 /* AppDelegate.m */ = {isa = PBXFileReference; lastKnownFileType = sourcecode.c.objc; path = AppDelegate.m; sourceTree = "<group>"; };
		EDCC9B7D24309ACE00DAD038 /* SceneDelegate.h */ = {isa = PBXFileReference; lastKnownFileType = sourcecode.c.h; path = SceneDelegate.h; sourceTree = "<group>"; };
		EDCC9B7E24309ACE00DAD038 /* SceneDelegate.m */ = {isa = PBXFileReference; lastKnownFileType = sourcecode.c.objc; path = SceneDelegate.m; sourceTree = "<group>"; };
		EDCC9B8024309ACE00DAD038 /* ViewController.h */ = {isa = PBXFileReference; lastKnownFileType = sourcecode.c.h; path = ViewController.h; sourceTree = "<group>"; };
		EDCC9B8124309ACE00DAD038 /* ViewController.m */ = {isa = PBXFileReference; lastKnownFileType = sourcecode.c.objc; path = ViewController.m; sourceTree = "<group>"; };
		EDCC9B8424309ACE00DAD038 /* Base */ = {isa = PBXFileReference; lastKnownFileType = file.storyboard; name = Base; path = Base.lproj/Main.storyboard; sourceTree = "<group>"; };
		EDCC9B8624309AD100DAD038 /* Assets.xcassets */ = {isa = PBXFileReference; lastKnownFileType = folder.assetcatalog; path = Assets.xcassets; sourceTree = "<group>"; };
		EDCC9B8924309AD100DAD038 /* Base */ = {isa = PBXFileReference; lastKnownFileType = file.storyboard; name = Base; path = Base.lproj/LaunchScreen.storyboard; sourceTree = "<group>"; };
		EDCC9B8B24309AD100DAD038 /* Info.plist */ = {isa = PBXFileReference; lastKnownFileType = text.plist.xml; path = Info.plist; sourceTree = "<group>"; };
		EDCC9B8C24309AD100DAD038 /* main.m */ = {isa = PBXFileReference; lastKnownFileType = sourcecode.c.objc; path = main.m; sourceTree = "<group>"; };
/* End PBXFileReference section */

/* Begin PBXFrameworksBuildPhase section */
		EDCC9B7424309ACE00DAD038 /* Frameworks */ = {
			isa = PBXFrameworksBuildPhase;
			buildActionMask = 2147483647;
			files = (
			);
			runOnlyForDeploymentPostprocessing = 0;
		};
/* End PBXFrameworksBuildPhase section */

/* Begin PBXGroup section */
		EDCC9B6E24309ACE00DAD038 = {
			isa = PBXGroup;
			children = (
				EDCC9B7924309ACE00DAD038 /* UIElements: UILabel, UIButton, UITextField, UITextView */,
				EDCC9B7824309ACE00DAD038 /* Products */,
			);
			sourceTree = "<group>";
		};
		EDCC9B7824309ACE00DAD038 /* Products */ = {
			isa = PBXGroup;
			children = (
				EDCC9B7724309ACE00DAD038 /* UIElements: UILabel, UIButton, UITextField, UITextView.app */,
			);
			name = Products;
			sourceTree = "<group>";
		};
		EDCC9B7924309ACE00DAD038 /* UIElements: UILabel, UIButton, UITextField, UITextView */ = {
			isa = PBXGroup;
			children = (
				EDCC9B7A24309ACE00DAD038 /* AppDelegate.h */,
				EDCC9B7B24309ACE00DAD038 /* AppDelegate.m */,
				EDCC9B7D24309ACE00DAD038 /* SceneDelegate.h */,
				EDCC9B7E24309ACE00DAD038 /* SceneDelegate.m */,
				EDCC9B8024309ACE00DAD038 /* ViewController.h */,
				EDCC9B8124309ACE00DAD038 /* ViewController.m */,
				EDCC9B8324309ACE00DAD038 /* Main.storyboard */,
				EDCC9B8624309AD100DAD038 /* Assets.xcassets */,
				EDCC9B8824309AD100DAD038 /* LaunchScreen.storyboard */,
				EDCC9B8B24309AD100DAD038 /* Info.plist */,
				EDCC9B8C24309AD100DAD038 /* main.m */,
			);
			path = "UIElements: UILabel, UIButton, UITextField, UITextView";
			sourceTree = "<group>";
		};
/* End PBXGroup section */

/* Begin PBXNativeTarget section */
		EDCC9B7624309ACE00DAD038 /* UIElements: UILabel, UIButton, UITextField, UITextView */ = {
			isa = PBXNativeTarget;
			buildConfigurationList = EDCC9B9024309AD100DAD038 /* Build configuration list for PBXNativeTarget "UIElements: UILabel, UIButton, UITextField, UITextView" */;
			buildPhases = (
				EDCC9B7324309ACE00DAD038 /* Sources */,
				EDCC9B7424309ACE00DAD038 /* Frameworks */,
				EDCC9B7524309ACE00DAD038 /* Resources */,
			);
			buildRules = (
			);
			dependencies = (
			);
			name = "UIElements: UILabel, UIButton, UITextField, UITextView";
			productName = "UIElements: UILabel, UIButton, UITextField, UITextView";
			productReference = EDCC9B7724309ACE00DAD038 /* UIElements: UILabel, UIButton, UITextField, UITextView.app */;
			productType = "com.apple.product-type.application";
		};
/* End PBXNativeTarget section */

/* Begin PBXProject section */
		EDCC9B6F24309ACE00DAD038 /* Project object */ = {
			isa = PBXProject;
			attributes = {
				LastUpgradeCheck = 1130;
				ORGANIZATIONNAME = "Diana Agapkina";
				TargetAttributes = {
					EDCC9B7624309ACE00DAD038 = {
						CreatedOnToolsVersion = 11.3.1;
					};
				};
			};
			buildConfigurationList = EDCC9B7224309ACE00DAD038 /* Build configuration list for PBXProject "UIElements: UILabel, UIButton, UITextField, UITextView" */;
			compatibilityVersion = "Xcode 9.3";
			developmentRegion = en;
			hasScannedForEncodings = 0;
			knownRegions = (
				en,
				Base,
			);
			mainGroup = EDCC9B6E24309ACE00DAD038;
			productRefGroup = EDCC9B7824309ACE00DAD038 /* Products */;
			projectDirPath = "";
			projectRoot = "";
			targets = (
				EDCC9B7624309ACE00DAD038 /* UIElements: UILabel, UIButton, UITextField, UITextView */,
			);
		};
/* End PBXProject section */

/* Begin PBXResourcesBuildPhase section */
		EDCC9B7524309ACE00DAD038 /* Resources */ = {
			isa = PBXResourcesBuildPhase;
			buildActionMask = 2147483647;
			files = (
				EDCC9B8A24309AD100DAD038 /* LaunchScreen.storyboard in Resources */,
				EDCC9B8724309AD100DAD038 /* Assets.xcassets in Resources */,
				EDCC9B8524309ACE00DAD038 /* Main.storyboard in Resources */,
			);
			runOnlyForDeploymentPostprocessing = 0;
		};
/* End PBXResourcesBuildPhase section */

/* Begin PBXSourcesBuildPhase section */
		EDCC9B7324309ACE00DAD038 /* Sources */ = {
			isa = PBXSourcesBuildPhase;
			buildActionMask = 2147483647;
			files = (
				EDCC9B8224309ACE00DAD038 /* ViewController.m in Sources */,
				EDCC9B7C24309ACE00DAD038 /* AppDelegate.m in Sources */,
				EDCC9B8D24309AD100DAD038 /* main.m in Sources */,
				EDCC9B7F24309ACE00DAD038 /* SceneDelegate.m in Sources */,
			);
			runOnlyForDeploymentPostprocessing = 0;
		};
/* End PBXSourcesBuildPhase section */

/* Begin PBXVariantGroup section */
		EDCC9B8324309ACE00DAD038 /* Main.storyboard */ = {
			isa = PBXVariantGroup;
			children = (
				EDCC9B8424309ACE00DAD038 /* Base */,
			);
			name = Main.storyboard;
			sourceTree = "<group>";
		};
		EDCC9B8824309AD100DAD038 /* LaunchScreen.storyboard */ = {
			isa = PBXVariantGroup;
			children = (
				EDCC9B8924309AD100DAD038 /* Base */,
			);
			name = LaunchScreen.storyboard;
			sourceTree = "<group>";
		};
/* End PBXVariantGroup section */

/* Begin XCBuildConfiguration section */
		EDCC9B8E24309AD100DAD038 /* Debug */ = {
			isa = XCBuildConfiguration;
			buildSettings = {
				ALWAYS_SEARCH_USER_PATHS = NO;
				CLANG_ANALYZER_NONNULL = YES;
				CLANG_ANALYZER_NUMBER_OBJECT_CONVERSION = YES_AGGRESSIVE;
				CLANG_CXX_LANGUAGE_STANDARD = "gnu++14";
				CLANG_CXX_LIBRARY = "libc++";
				CLANG_ENABLE_MODULES = YES;
				CLANG_ENABLE_OBJC_ARC = YES;
				CLANG_ENABLE_OBJC_WEAK = YES;
				CLANG_WARN_BLOCK_CAPTURE_AUTORELEASING = YES;
				CLANG_WARN_BOOL_CONVERSION = YES;
				CLANG_WARN_COMMA = YES;
				CLANG_WARN_CONSTANT_CONVERSION = YES;
				CLANG_WARN_DEPRECATED_OBJC_IMPLEMENTATIONS = YES;
				CLANG_WARN_DIRECT_OBJC_ISA_USAGE = YES_ERROR;
				CLANG_WARN_DOCUMENTATION_COMMENTS = YES;
				CLANG_WARN_EMPTY_BODY = YES;
				CLANG_WARN_ENUM_CONVERSION = YES;
				CLANG_WARN_INFINITE_RECURSION = YES;
				CLANG_WARN_INT_CONVERSION = YES;
				CLANG_WARN_NON_LITERAL_NULL_CONVERSION = YES;
				CLANG_WARN_OBJC_IMPLICIT_RETAIN_SELF = YES;
				CLANG_WARN_OBJC_LITERAL_CONVERSION = YES;
				CLANG_WARN_OBJC_ROOT_CLASS = YES_ERROR;
				CLANG_WARN_RANGE_LOOP_ANALYSIS = YES;
				CLANG_WARN_STRICT_PROTOTYPES = YES;
				CLANG_WARN_SUSPICIOUS_MOVE = YES;
				CLANG_WARN_UNGUARDED_AVAILABILITY = YES_AGGRESSIVE;
				CLANG_WARN_UNREACHABLE_CODE = YES;
				CLANG_WARN__DUPLICATE_METHOD_MATCH = YES;
				COPY_PHASE_STRIP = NO;
				DEBUG_INFORMATION_FORMAT = dwarf;
				ENABLE_STRICT_OBJC_MSGSEND = YES;
				ENABLE_TESTABILITY = YES;
				GCC_C_LANGUAGE_STANDARD = gnu11;
				GCC_DYNAMIC_NO_PIC = NO;
				GCC_NO_COMMON_BLOCKS = YES;
				GCC_OPTIMIZATION_LEVEL = 0;
				GCC_PREPROCESSOR_DEFINITIONS = (
					"DEBUG=1",
					"$(inherited)",
				);
				GCC_WARN_64_TO_32_BIT_CONVERSION = YES;
				GCC_WARN_ABOUT_RETURN_TYPE = YES_ERROR;
				GCC_WARN_UNDECLARED_SELECTOR = YES;
				GCC_WARN_UNINITIALIZED_AUTOS = YES_AGGRESSIVE;
				GCC_WARN_UNUSED_FUNCTION = YES;
				GCC_WARN_UNUSED_VARIABLE = YES;
				IPHONEOS_DEPLOYMENT_TARGET = 13.2;
				MTL_ENABLE_DEBUG_INFO = INCLUDE_SOURCE;
				MTL_FAST_MATH = YES;
				ONLY_ACTIVE_ARCH = YES;
				SDKROOT = iphoneos;
			};
			name = Debug;
		};
		EDCC9B8F24309AD100DAD038 /* Release */ = {
			isa = XCBuildConfiguration;
			buildSettings = {
				ALWAYS_SEARCH_USER_PATHS = NO;
				CLANG_ANALYZER_NONNULL = YES;
				CLANG_ANALYZER_NUMBER_OBJECT_CONVERSION = YES_AGGRESSIVE;
				CLANG_CXX_LANGUAGE_STANDARD = "gnu++14";
				CLANG_CXX_LIBRARY = "libc++";
				CLANG_ENABLE_MODULES = YES;
				CLANG_ENABLE_OBJC_ARC = YES;
				CLANG_ENABLE_OBJC_WEAK = YES;
				CLANG_WARN_BLOCK_CAPTURE_AUTORELEASING = YES;
				CLANG_WARN_BOOL_CONVERSION = YES;
				CLANG_WARN_COMMA = YES;
				CLANG_WARN_CONSTANT_CONVERSION = YES;
				CLANG_WARN_DEPRECATED_OBJC_IMPLEMENTATIONS = YES;
				CLANG_WARN_DIRECT_OBJC_ISA_USAGE = YES_ERROR;
				CLANG_WARN_DOCUMENTATION_COMMENTS = YES;
				CLANG_WARN_EMPTY_BODY = YES;
				CLANG_WARN_ENUM_CONVERSION = YES;
				CLANG_WARN_INFINITE_RECURSION = YES;
				CLANG_WARN_INT_CONVERSION = YES;
				CLANG_WARN_NON_LITERAL_NULL_CONVERSION = YES;
				CLANG_WARN_OBJC_IMPLICIT_RETAIN_SELF = YES;
				CLANG_WARN_OBJC_LITERAL_CONVERSION = YES;
				CLANG_WARN_OBJC_ROOT_CLASS = YES_ERROR;
				CLANG_WARN_RANGE_LOOP_ANALYSIS = YES;
				CLANG_WARN_STRICT_PROTOTYPES = YES;
				CLANG_WARN_SUSPICIOUS_MOVE = YES;
				CLANG_WARN_UNGUARDED_AVAILABILITY = YES_AGGRESSIVE;
				CLANG_WARN_UNREACHABLE_CODE = YES;
				CLANG_WARN__DUPLICATE_METHOD_MATCH = YES;
				COPY_PHASE_STRIP = NO;
				DEBUG_INFORMATION_FORMAT = "dwarf-with-dsym";
				ENABLE_NS_ASSERTIONS = NO;
				ENABLE_STRICT_OBJC_MSGSEND = YES;
				GCC_C_LANGUAGE_STANDARD = gnu11;
				GCC_NO_COMMON_BLOCKS = YES;
				GCC_WARN_64_TO_32_BIT_CONVERSION = YES;
				GCC_WARN_ABOUT_RETURN_TYPE = YES_ERROR;
				GCC_WARN_UNDECLARED_SELECTOR = YES;
				GCC_WARN_UNINITIALIZED_AUTOS = YES_AGGRESSIVE;
				GCC_WARN_UNUSED_FUNCTION = YES;
				GCC_WARN_UNUSED_VARIABLE = YES;
				IPHONEOS_DEPLOYMENT_TARGET = 13.2;
				MTL_ENABLE_DEBUG_INFO = NO;
				MTL_FAST_MATH = YES;
				SDKROOT = iphoneos;
				VALIDATE_PRODUCT = YES;
			};
			name = Release;
		};
		EDCC9B9124309AD100DAD038 /* Debug */ = {
			isa = XCBuildConfiguration;
			buildSettings = {
				ASSETCATALOG_COMPILER_APPICON_NAME = AppIcon;
				CODE_SIGN_STYLE = Automatic;
				DEVELOPMENT_TEAM = R29M9PZPMH;
				INFOPLIST_FILE = "UIElements: UILabel, UIButton, UITextField, UITextView/Info.plist";
				LD_RUNPATH_SEARCH_PATHS = (
					"$(inherited)",
					"@executable_path/Frameworks",
				);
				PRODUCT_BUNDLE_IDENTIFIER = "com.diana.UIElements--UILabel--UIButton--UITextField--UITextView";
				PRODUCT_NAME = "$(TARGET_NAME)";
				TARGETED_DEVICE_FAMILY = "1,2";
			};
			name = Debug;
		};
		EDCC9B9224309AD100DAD038 /* Release */ = {
			isa = XCBuildConfiguration;
			buildSettings = {
				ASSETCATALOG_COMPILER_APPICON_NAME = AppIcon;
				CODE_SIGN_STYLE = Automatic;
				DEVELOPMENT_TEAM = R29M9PZPMH;
				INFOPLIST_FILE = "UIElements: UILabel, UIButton, UITextField, UITextView/Info.plist";
				LD_RUNPATH_SEARCH_PATHS = (
					"$(inherited)",
					"@executable_path/Frameworks",
				);
				PRODUCT_BUNDLE_IDENTIFIER = "com.diana.UIElements--UILabel--UIButton--UITextField--UITextView";
				PRODUCT_NAME = "$(TARGET_NAME)";
				TARGETED_DEVICE_FAMILY = "1,2";
			};
			name = Release;
		};
/* End XCBuildConfiguration section */

/* Begin XCConfigurationList section */
		EDCC9B7224309ACE00DAD038 /* Build configuration list for PBXProject "UIElements: UILabel, UIButton, UITextField, UITextView" */ = {
			isa = XCConfigurationList;
			buildConfigurations = (
				EDCC9B8E24309AD100DAD038 /* Debug */,
				EDCC9B8F24309AD100DAD038 /* Release */,
			);
			defaultConfigurationIsVisible = 0;
			defaultConfigurationName = Release;
		};
		EDCC9B9024309AD100DAD038 /* Build configuration list for PBXNativeTarget "UIElements: UILabel, UIButton, UITextField, UITextView" */ = {
			isa = XCConfigurationList;
			buildConfigurations = (
				EDCC9B9124309AD100DAD038 /* Debug */,
				EDCC9B9224309AD100DAD038 /* Release */,
			);
			defaultConfigurationIsVisible = 0;
			defaultConfigurationName = Release;
		};
/* End XCConfigurationList section */
	};
	rootObject = EDCC9B6F24309ACE00DAD038 /* Project object */;
}
