// !$*UTF8*$!
{
	archiveVersion = 1;
	classes = {
	};
	objectVersion = 50;
	objects = {

/* Begin PBXBuildFile section */
		ED55CE85246499BF00DAB3F3 /* AppDelegate.m in Sources */ = {isa = PBXBuildFile; fileRef = ED55CE84246499BF00DAB3F3 /* AppDelegate.m */; };
		ED55CE88246499BF00DAB3F3 /* SceneDelegate.m in Sources */ = {isa = PBXBuildFile; fileRef = ED55CE87246499BF00DAB3F3 /* SceneDelegate.m */; };
		ED55CE8B246499BF00DAB3F3 /* ViewController.m in Sources */ = {isa = PBXBuildFile; fileRef = ED55CE8A246499BF00DAB3F3 /* ViewController.m */; };
		ED55CE8E246499BF00DAB3F3 /* Main.storyboard in Resources */ = {isa = PBXBuildFile; fileRef = ED55CE8C246499BF00DAB3F3 /* Main.storyboard */; };
		ED55CE90246499C200DAB3F3 /* Assets.xcassets in Resources */ = {isa = PBXBuildFile; fileRef = ED55CE8F246499C200DAB3F3 /* Assets.xcassets */; };
		ED55CE93246499C200DAB3F3 /* LaunchScreen.storyboard in Resources */ = {isa = PBXBuildFile; fileRef = ED55CE91246499C200DAB3F3 /* LaunchScreen.storyboard */; };
		ED55CE96246499C200DAB3F3 /* main.m in Sources */ = {isa = PBXBuildFile; fileRef = ED55CE95246499C200DAB3F3 /* main.m */; };
/* End PBXBuildFile section */

/* Begin PBXFileReference section */
		ED55CE80246499BF00DAB3F3 /* UIStackView.app */ = {isa = PBXFileReference; explicitFileType = wrapper.application; includeInIndex = 0; path = UIStackView.app; sourceTree = BUILT_PRODUCTS_DIR; };
		ED55CE83246499BF00DAB3F3 /* AppDelegate.h */ = {isa = PBXFileReference; lastKnownFileType = sourcecode.c.h; path = AppDelegate.h; sourceTree = "<group>"; };
		ED55CE84246499BF00DAB3F3 /* AppDelegate.m */ = {isa = PBXFileReference; lastKnownFileType = sourcecode.c.objc; path = AppDelegate.m; sourceTree = "<group>"; };
		ED55CE86246499BF00DAB3F3 /* SceneDelegate.h */ = {isa = PBXFileReference; lastKnownFileType = sourcecode.c.h; path = SceneDelegate.h; sourceTree = "<group>"; };
		ED55CE87246499BF00DAB3F3 /* SceneDelegate.m */ = {isa = PBXFileReference; lastKnownFileType = sourcecode.c.objc; path = SceneDelegate.m; sourceTree = "<group>"; };
		ED55CE89246499BF00DAB3F3 /* ViewController.h */ = {isa = PBXFileReference; lastKnownFileType = sourcecode.c.h; path = ViewController.h; sourceTree = "<group>"; };
		ED55CE8A246499BF00DAB3F3 /* ViewController.m */ = {isa = PBXFileReference; lastKnownFileType = sourcecode.c.objc; path = ViewController.m; sourceTree = "<group>"; };
		ED55CE8D246499BF00DAB3F3 /* Base */ = {isa = PBXFileReference; lastKnownFileType = file.storyboard; name = Base; path = Base.lproj/Main.storyboard; sourceTree = "<group>"; };
		ED55CE8F246499C200DAB3F3 /* Assets.xcassets */ = {isa = PBXFileReference; lastKnownFileType = folder.assetcatalog; path = Assets.xcassets; sourceTree = "<group>"; };
		ED55CE92246499C200DAB3F3 /* Base */ = {isa = PBXFileReference; lastKnownFileType = file.storyboard; name = Base; path = Base.lproj/LaunchScreen.storyboard; sourceTree = "<group>"; };
		ED55CE94246499C200DAB3F3 /* Info.plist */ = {isa = PBXFileReference; lastKnownFileType = text.plist.xml; path = Info.plist; sourceTree = "<group>"; };
		ED55CE95246499C200DAB3F3 /* main.m */ = {isa = PBXFileReference; lastKnownFileType = sourcecode.c.objc; path = main.m; sourceTree = "<group>"; };
/* End PBXFileReference section */

/* Begin PBXFrameworksBuildPhase section */
		ED55CE7D246499BF00DAB3F3 /* Frameworks */ = {
			isa = PBXFrameworksBuildPhase;
			buildActionMask = 2147483647;
			files = (
			);
			runOnlyForDeploymentPostprocessing = 0;
		};
/* End PBXFrameworksBuildPhase section */

/* Begin PBXGroup section */
		ED55CE77246499BF00DAB3F3 = {
			isa = PBXGroup;
			children = (
				ED55CE82246499BF00DAB3F3 /* UIStackView */,
				ED55CE81246499BF00DAB3F3 /* Products */,
			);
			sourceTree = "<group>";
		};
		ED55CE81246499BF00DAB3F3 /* Products */ = {
			isa = PBXGroup;
			children = (
				ED55CE80246499BF00DAB3F3 /* UIStackView.app */,
			);
			name = Products;
			sourceTree = "<group>";
		};
		ED55CE82246499BF00DAB3F3 /* UIStackView */ = {
			isa = PBXGroup;
			children = (
				ED55CE83246499BF00DAB3F3 /* AppDelegate.h */,
				ED55CE84246499BF00DAB3F3 /* AppDelegate.m */,
				ED55CE86246499BF00DAB3F3 /* SceneDelegate.h */,
				ED55CE87246499BF00DAB3F3 /* SceneDelegate.m */,
				ED55CE89246499BF00DAB3F3 /* ViewController.h */,
				ED55CE8A246499BF00DAB3F3 /* ViewController.m */,
				ED55CE8C246499BF00DAB3F3 /* Main.storyboard */,
				ED55CE8F246499C200DAB3F3 /* Assets.xcassets */,
				ED55CE91246499C200DAB3F3 /* LaunchScreen.storyboard */,
				ED55CE94246499C200DAB3F3 /* Info.plist */,
				ED55CE95246499C200DAB3F3 /* main.m */,
			);
			path = UIStackView;
			sourceTree = "<group>";
		};
/* End PBXGroup section */

/* Begin PBXNativeTarget section */
		ED55CE7F246499BF00DAB3F3 /* UIStackView */ = {
			isa = PBXNativeTarget;
			buildConfigurationList = ED55CE99246499C200DAB3F3 /* Build configuration list for PBXNativeTarget "UIStackView" */;
			buildPhases = (
				ED55CE7C246499BF00DAB3F3 /* Sources */,
				ED55CE7D246499BF00DAB3F3 /* Frameworks */,
				ED55CE7E246499BF00DAB3F3 /* Resources */,
			);
			buildRules = (
			);
			dependencies = (
			);
			name = UIStackView;
			productName = UIStackView;
			productReference = ED55CE80246499BF00DAB3F3 /* UIStackView.app */;
			productType = "com.apple.product-type.application";
		};
/* End PBXNativeTarget section */

/* Begin PBXProject section */
		ED55CE78246499BF00DAB3F3 /* Project object */ = {
			isa = PBXProject;
			attributes = {
				LastUpgradeCheck = 1140;
				ORGANIZATIONNAME = "Diana Agapkina";
				TargetAttributes = {
					ED55CE7F246499BF00DAB3F3 = {
						CreatedOnToolsVersion = 11.4.1;
					};
				};
			};
			buildConfigurationList = ED55CE7B246499BF00DAB3F3 /* Build configuration list for PBXProject "UIStackView" */;
			compatibilityVersion = "Xcode 9.3";
			developmentRegion = en;
			hasScannedForEncodings = 0;
			knownRegions = (
				en,
				Base,
			);
			mainGroup = ED55CE77246499BF00DAB3F3;
			productRefGroup = ED55CE81246499BF00DAB3F3 /* Products */;
			projectDirPath = "";
			projectRoot = "";
			targets = (
				ED55CE7F246499BF00DAB3F3 /* UIStackView */,
			);
		};
/* End PBXProject section */

/* Begin PBXResourcesBuildPhase section */
		ED55CE7E246499BF00DAB3F3 /* Resources */ = {
			isa = PBXResourcesBuildPhase;
			buildActionMask = 2147483647;
			files = (
				ED55CE93246499C200DAB3F3 /* LaunchScreen.storyboard in Resources */,
				ED55CE90246499C200DAB3F3 /* Assets.xcassets in Resources */,
				ED55CE8E246499BF00DAB3F3 /* Main.storyboard in Resources */,
			);
			runOnlyForDeploymentPostprocessing = 0;
		};
/* End PBXResourcesBuildPhase section */

/* Begin PBXSourcesBuildPhase section */
		ED55CE7C246499BF00DAB3F3 /* Sources */ = {
			isa = PBXSourcesBuildPhase;
			buildActionMask = 2147483647;
			files = (
				ED55CE8B246499BF00DAB3F3 /* ViewController.m in Sources */,
				ED55CE85246499BF00DAB3F3 /* AppDelegate.m in Sources */,
				ED55CE96246499C200DAB3F3 /* main.m in Sources */,
				ED55CE88246499BF00DAB3F3 /* SceneDelegate.m in Sources */,
			);
			runOnlyForDeploymentPostprocessing = 0;
		};
/* End PBXSourcesBuildPhase section */

/* Begin PBXVariantGroup section */
		ED55CE8C246499BF00DAB3F3 /* Main.storyboard */ = {
			isa = PBXVariantGroup;
			children = (
				ED55CE8D246499BF00DAB3F3 /* Base */,
			);
			name = Main.storyboard;
			sourceTree = "<group>";
		};
		ED55CE91246499C200DAB3F3 /* LaunchScreen.storyboard */ = {
			isa = PBXVariantGroup;
			children = (
				ED55CE92246499C200DAB3F3 /* Base */,
			);
			name = LaunchScreen.storyboard;
			sourceTree = "<group>";
		};
/* End PBXVariantGroup section */

/* Begin XCBuildConfiguration section */
		ED55CE97246499C200DAB3F3 /* Debug */ = {
			isa = XCBuildConfiguration;
			buildSettings = {
				ALWAYS_SEARCH_USER_PATHS = NO;
				CLANG_ANALYZER_NONNULL = YES;
				CLANG_ANALYZER_NUMBER_OBJECT_CONVERSION = YES_AGGRESSIVE;
				CLANG_CXX_LANGUAGE_STANDARD = "gnu++14";
				CLANG_CXX_LIBRARY = "libc++";
				CLANG_ENABLE_MODULES = YES;
				CLANG_ENABLE_OBJC_ARC = YES;
				CLANG_ENABLE_OBJC_WEAK = YES;
				CLANG_WARN_BLOCK_CAPTURE_AUTORELEASING = YES;
				CLANG_WARN_BOOL_CONVERSION = YES;
				CLANG_WARN_COMMA = YES;
				CLANG_WARN_CONSTANT_CONVERSION = YES;
				CLANG_WARN_DEPRECATED_OBJC_IMPLEMENTATIONS = YES;
				CLANG_WARN_DIRECT_OBJC_ISA_USAGE = YES_ERROR;
				CLANG_WARN_DOCUMENTATION_COMMENTS = YES;
				CLANG_WARN_EMPTY_BODY = YES;
				CLANG_WARN_ENUM_CONVERSION = YES;
				CLANG_WARN_INFINITE_RECURSION = YES;
				CLANG_WARN_INT_CONVERSION = YES;
				CLANG_WARN_NON_LITERAL_NULL_CONVERSION = YES;
				CLANG_WARN_OBJC_IMPLICIT_RETAIN_SELF = YES;
				CLANG_WARN_OBJC_LITERAL_CONVERSION = YES;
				CLANG_WARN_OBJC_ROOT_CLASS = YES_ERROR;
				CLANG_WARN_RANGE_LOOP_ANALYSIS = YES;
				CLANG_WARN_STRICT_PROTOTYPES = YES;
				CLANG_WARN_SUSPICIOUS_MOVE = YES;
				CLANG_WARN_UNGUARDED_AVAILABILITY = YES_AGGRESSIVE;
				CLANG_WARN_UNREACHABLE_CODE = YES;
				CLANG_WARN__DUPLICATE_METHOD_MATCH = YES;
				COPY_PHASE_STRIP = NO;
				DEBUG_INFORMATION_FORMAT = dwarf;
				ENABLE_STRICT_OBJC_MSGSEND = YES;
				ENABLE_TESTABILITY = YES;
				GCC_C_LANGUAGE_STANDARD = gnu11;
				GCC_DYNAMIC_NO_PIC = NO;
				GCC_NO_COMMON_BLOCKS = YES;
				GCC_OPTIMIZATION_LEVEL = 0;
				GCC_PREPROCESSOR_DEFINITIONS = (
					"DEBUG=1",
					"$(inherited)",
				);
				GCC_WARN_64_TO_32_BIT_CONVERSION = YES;
				GCC_WARN_ABOUT_RETURN_TYPE = YES_ERROR;
				GCC_WARN_UNDECLARED_SELECTOR = YES;
				GCC_WARN_UNINITIALIZED_AUTOS = YES_AGGRESSIVE;
				GCC_WARN_UNUSED_FUNCTION = YES;
				GCC_WARN_UNUSED_VARIABLE = YES;
				IPHONEOS_DEPLOYMENT_TARGET = 13.4;
				MTL_ENABLE_DEBUG_INFO = INCLUDE_SOURCE;
				MTL_FAST_MATH = YES;
				ONLY_ACTIVE_ARCH = YES;
				SDKROOT = iphoneos;
			};
			name = Debug;
		};
		ED55CE98246499C200DAB3F3 /* Release */ = {
			isa = XCBuildConfiguration;
			buildSettings = {
				ALWAYS_SEARCH_USER_PATHS = NO;
				CLANG_ANALYZER_NONNULL = YES;
				CLANG_ANALYZER_NUMBER_OBJECT_CONVERSION = YES_AGGRESSIVE;
				CLANG_CXX_LANGUAGE_STANDARD = "gnu++14";
				CLANG_CXX_LIBRARY = "libc++";
				CLANG_ENABLE_MODULES = YES;
				CLANG_ENABLE_OBJC_ARC = YES;
				CLANG_ENABLE_OBJC_WEAK = YES;
				CLANG_WARN_BLOCK_CAPTURE_AUTORELEASING = YES;
				CLANG_WARN_BOOL_CONVERSION = YES;
				CLANG_WARN_COMMA = YES;
				CLANG_WARN_CONSTANT_CONVERSION = YES;
				CLANG_WARN_DEPRECATED_OBJC_IMPLEMENTATIONS = YES;
				CLANG_WARN_DIRECT_OBJC_ISA_USAGE = YES_ERROR;
				CLANG_WARN_DOCUMENTATION_COMMENTS = YES;
				CLANG_WARN_EMPTY_BODY = YES;
				CLANG_WARN_ENUM_CONVERSION = YES;
				CLANG_WARN_INFINITE_RECURSION = YES;
				CLANG_WARN_INT_CONVERSION = YES;
				CLANG_WARN_NON_LITERAL_NULL_CONVERSION = YES;
				CLANG_WARN_OBJC_IMPLICIT_RETAIN_SELF = YES;
				CLANG_WARN_OBJC_LITERAL_CONVERSION = YES;
				CLANG_WARN_OBJC_ROOT_CLASS = YES_ERROR;
				CLANG_WARN_RANGE_LOOP_ANALYSIS = YES;
				CLANG_WARN_STRICT_PROTOTYPES = YES;
				CLANG_WARN_SUSPICIOUS_MOVE = YES;
				CLANG_WARN_UNGUARDED_AVAILABILITY = YES_AGGRESSIVE;
				CLANG_WARN_UNREACHABLE_CODE = YES;
				CLANG_WARN__DUPLICATE_METHOD_MATCH = YES;
				COPY_PHASE_STRIP = NO;
				DEBUG_INFORMATION_FORMAT = "dwarf-with-dsym";
				ENABLE_NS_ASSERTIONS = NO;
				ENABLE_STRICT_OBJC_MSGSEND = YES;
				GCC_C_LANGUAGE_STANDARD = gnu11;
				GCC_NO_COMMON_BLOCKS = YES;
				GCC_WARN_64_TO_32_BIT_CONVERSION = YES;
				GCC_WARN_ABOUT_RETURN_TYPE = YES_ERROR;
				GCC_WARN_UNDECLARED_SELECTOR = YES;
				GCC_WARN_UNINITIALIZED_AUTOS = YES_AGGRESSIVE;
				GCC_WARN_UNUSED_FUNCTION = YES;
				GCC_WARN_UNUSED_VARIABLE = YES;
				IPHONEOS_DEPLOYMENT_TARGET = 13.4;
				MTL_ENABLE_DEBUG_INFO = NO;
				MTL_FAST_MATH = YES;
				SDKROOT = iphoneos;
				VALIDATE_PRODUCT = YES;
			};
			name = Release;
		};
		ED55CE9A246499C200DAB3F3 /* Debug */ = {
			isa = XCBuildConfiguration;
			buildSettings = {
				ASSETCATALOG_COMPILER_APPICON_NAME = AppIcon;
				CODE_SIGN_STYLE = Automatic;
				DEVELOPMENT_TEAM = R29M9PZPMH;
				INFOPLIST_FILE = UIStackView/Info.plist;
				LD_RUNPATH_SEARCH_PATHS = (
					"$(inherited)",
					"@executable_path/Frameworks",
				);
				PRODUCT_BUNDLE_IDENTIFIER = com.diana.UIStackView;
				PRODUCT_NAME = "$(TARGET_NAME)";
				TARGETED_DEVICE_FAMILY = "1,2";
			};
			name = Debug;
		};
		ED55CE9B246499C200DAB3F3 /* Release */ = {
			isa = XCBuildConfiguration;
			buildSettings = {
				ASSETCATALOG_COMPILER_APPICON_NAME = AppIcon;
				CODE_SIGN_STYLE = Automatic;
				DEVELOPMENT_TEAM = R29M9PZPMH;
				INFOPLIST_FILE = UIStackView/Info.plist;
				LD_RUNPATH_SEARCH_PATHS = (
					"$(inherited)",
					"@executable_path/Frameworks",
				);
				PRODUCT_BUNDLE_IDENTIFIER = com.diana.UIStackView;
				PRODUCT_NAME = "$(TARGET_NAME)";
				TARGETED_DEVICE_FAMILY = "1,2";
			};
			name = Release;
		};
/* End XCBuildConfiguration section */

/* Begin XCConfigurationList section */
		ED55CE7B246499BF00DAB3F3 /* Build configuration list for PBXProject "UIStackView" */ = {
			isa = XCConfigurationList;
			buildConfigurations = (
				ED55CE97246499C200DAB3F3 /* Debug */,
				ED55CE98246499C200DAB3F3 /* Release */,
			);
			defaultConfigurationIsVisible = 0;
			defaultConfigurationName = Release;
		};
		ED55CE99246499C200DAB3F3 /* Build configuration list for PBXNativeTarget "UIStackView" */ = {
			isa = XCConfigurationList;
			buildConfigurations = (
				ED55CE9A246499C200DAB3F3 /* Debug */,
				ED55CE9B246499C200DAB3F3 /* Release */,
			);
			defaultConfigurationIsVisible = 0;
			defaultConfigurationName = Release;
		};
/* End XCConfigurationList section */
	};
	rootObject = ED55CE78246499BF00DAB3F3 /* Project object */;
}
