// !$*UTF8*$!
{
	archiveVersion = 1;
	classes = {
	};
	objectVersion = 50;
	objects = {

/* Begin PBXBuildFile section */
		ED7777F42424F5AC00E842AC /* AppDelegate.m in Sources */ = {isa = PBXBuildFile; fileRef = ED7777F32424F5AC00E842AC /* AppDelegate.m */; };
		ED7777F72424F5AC00E842AC /* SceneDelegate.m in Sources */ = {isa = PBXBuildFile; fileRef = ED7777F62424F5AC00E842AC /* SceneDelegate.m */; };
		ED7777FA2424F5AC00E842AC /* ViewController.m in Sources */ = {isa = PBXBuildFile; fileRef = ED7777F92424F5AC00E842AC /* ViewController.m */; };
		ED7777FD2424F5AC00E842AC /* Main.storyboard in Resources */ = {isa = PBXBuildFile; fileRef = ED7777FB2424F5AC00E842AC /* Main.storyboard */; };
		ED7777FF2424F5B400E842AC /* Assets.xcassets in Resources */ = {isa = PBXBuildFile; fileRef = ED7777FE2424F5B400E842AC /* Assets.xcassets */; };
		ED7778022424F5B400E842AC /* LaunchScreen.storyboard in Resources */ = {isa = PBXBuildFile; fileRef = ED7778002424F5B400E842AC /* LaunchScreen.storyboard */; };
		ED7778052424F5B400E842AC /* main.m in Sources */ = {isa = PBXBuildFile; fileRef = ED7778042424F5B400E842AC /* main.m */; };
		ED77780D2424F67100E842AC /* RSView.m in Sources */ = {isa = PBXBuildFile; fileRef = ED77780C2424F67100E842AC /* RSView.m */; };
/* End PBXBuildFile section */

/* Begin PBXFileReference section */
		ED7777EF2424F5AC00E842AC /* UIView.app */ = {isa = PBXFileReference; explicitFileType = wrapper.application; includeInIndex = 0; path = UIView.app; sourceTree = BUILT_PRODUCTS_DIR; };
		ED7777F22424F5AC00E842AC /* AppDelegate.h */ = {isa = PBXFileReference; lastKnownFileType = sourcecode.c.h; path = AppDelegate.h; sourceTree = "<group>"; };
		ED7777F32424F5AC00E842AC /* AppDelegate.m */ = {isa = PBXFileReference; lastKnownFileType = sourcecode.c.objc; path = AppDelegate.m; sourceTree = "<group>"; };
		ED7777F52424F5AC00E842AC /* SceneDelegate.h */ = {isa = PBXFileReference; lastKnownFileType = sourcecode.c.h; path = SceneDelegate.h; sourceTree = "<group>"; };
		ED7777F62424F5AC00E842AC /* SceneDelegate.m */ = {isa = PBXFileReference; lastKnownFileType = sourcecode.c.objc; path = SceneDelegate.m; sourceTree = "<group>"; };
		ED7777F82424F5AC00E842AC /* ViewController.h */ = {isa = PBXFileReference; lastKnownFileType = sourcecode.c.h; path = ViewController.h; sourceTree = "<group>"; };
		ED7777F92424F5AC00E842AC /* ViewController.m */ = {isa = PBXFileReference; lastKnownFileType = sourcecode.c.objc; path = ViewController.m; sourceTree = "<group>"; };
		ED7777FC2424F5AC00E842AC /* Base */ = {isa = PBXFileReference; lastKnownFileType = file.storyboard; name = Base; path = Base.lproj/Main.storyboard; sourceTree = "<group>"; };
		ED7777FE2424F5B400E842AC /* Assets.xcassets */ = {isa = PBXFileReference; lastKnownFileType = folder.assetcatalog; path = Assets.xcassets; sourceTree = "<group>"; };
		ED7778012424F5B400E842AC /* Base */ = {isa = PBXFileReference; lastKnownFileType = file.storyboard; name = Base; path = Base.lproj/LaunchScreen.storyboard; sourceTree = "<group>"; };
		ED7778032424F5B400E842AC /* Info.plist */ = {isa = PBXFileReference; lastKnownFileType = text.plist.xml; path = Info.plist; sourceTree = "<group>"; };
		ED7778042424F5B400E842AC /* main.m */ = {isa = PBXFileReference; lastKnownFileType = sourcecode.c.objc; path = main.m; sourceTree = "<group>"; };
		ED77780B2424F67100E842AC /* RSView.h */ = {isa = PBXFileReference; lastKnownFileType = sourcecode.c.h; path = RSView.h; sourceTree = "<group>"; };
		ED77780C2424F67100E842AC /* RSView.m */ = {isa = PBXFileReference; lastKnownFileType = sourcecode.c.objc; path = RSView.m; sourceTree = "<group>"; };
/* End PBXFileReference section */

/* Begin PBXFrameworksBuildPhase section */
		ED7777EC2424F5AC00E842AC /* Frameworks */ = {
			isa = PBXFrameworksBuildPhase;
			buildActionMask = 2147483647;
			files = (
			);
			runOnlyForDeploymentPostprocessing = 0;
		};
/* End PBXFrameworksBuildPhase section */

/* Begin PBXGroup section */
		ED7777E62424F5AC00E842AC = {
			isa = PBXGroup;
			children = (
				ED7777F12424F5AC00E842AC /* UIView */,
				ED7777F02424F5AC00E842AC /* Products */,
			);
			sourceTree = "<group>";
		};
		ED7777F02424F5AC00E842AC /* Products */ = {
			isa = PBXGroup;
			children = (
				ED7777EF2424F5AC00E842AC /* UIView.app */,
			);
			name = Products;
			sourceTree = "<group>";
		};
		ED7777F12424F5AC00E842AC /* UIView */ = {
			isa = PBXGroup;
			children = (
				ED7777F22424F5AC00E842AC /* AppDelegate.h */,
				ED7777F32424F5AC00E842AC /* AppDelegate.m */,
				ED7777F52424F5AC00E842AC /* SceneDelegate.h */,
				ED7777F62424F5AC00E842AC /* SceneDelegate.m */,
				ED7777F82424F5AC00E842AC /* ViewController.h */,
				ED7777F92424F5AC00E842AC /* ViewController.m */,
				ED77780B2424F67100E842AC /* RSView.h */,
				ED77780C2424F67100E842AC /* RSView.m */,
				ED7777FB2424F5AC00E842AC /* Main.storyboard */,
				ED7777FE2424F5B400E842AC /* Assets.xcassets */,
				ED7778002424F5B400E842AC /* LaunchScreen.storyboard */,
				ED7778032424F5B400E842AC /* Info.plist */,
				ED7778042424F5B400E842AC /* main.m */,
			);
			path = UIView;
			sourceTree = "<group>";
		};
/* End PBXGroup section */

/* Begin PBXNativeTarget section */
		ED7777EE2424F5AC00E842AC /* UIView */ = {
			isa = PBXNativeTarget;
			buildConfigurationList = ED7778082424F5B400E842AC /* Build configuration list for PBXNativeTarget "UIView" */;
			buildPhases = (
				ED7777EB2424F5AC00E842AC /* Sources */,
				ED7777EC2424F5AC00E842AC /* Frameworks */,
				ED7777ED2424F5AC00E842AC /* Resources */,
			);
			buildRules = (
			);
			dependencies = (
			);
			name = UIView;
			productName = UIView;
			productReference = ED7777EF2424F5AC00E842AC /* UIView.app */;
			productType = "com.apple.product-type.application";
		};
/* End PBXNativeTarget section */

/* Begin PBXProject section */
		ED7777E72424F5AC00E842AC /* Project object */ = {
			isa = PBXProject;
			attributes = {
				LastUpgradeCheck = 1130;
				ORGANIZATIONNAME = "Diana Agapkina";
				TargetAttributes = {
					ED7777EE2424F5AC00E842AC = {
						CreatedOnToolsVersion = 11.3.1;
					};
				};
			};
			buildConfigurationList = ED7777EA2424F5AC00E842AC /* Build configuration list for PBXProject "UIView" */;
			compatibilityVersion = "Xcode 9.3";
			developmentRegion = en;
			hasScannedForEncodings = 0;
			knownRegions = (
				en,
				Base,
			);
			mainGroup = ED7777E62424F5AC00E842AC;
			productRefGroup = ED7777F02424F5AC00E842AC /* Products */;
			projectDirPath = "";
			projectRoot = "";
			targets = (
				ED7777EE2424F5AC00E842AC /* UIView */,
			);
		};
/* End PBXProject section */

/* Begin PBXResourcesBuildPhase section */
		ED7777ED2424F5AC00E842AC /* Resources */ = {
			isa = PBXResourcesBuildPhase;
			buildActionMask = 2147483647;
			files = (
				ED7778022424F5B400E842AC /* LaunchScreen.storyboard in Resources */,
				ED7777FF2424F5B400E842AC /* Assets.xcassets in Resources */,
				ED7777FD2424F5AC00E842AC /* Main.storyboard in Resources */,
			);
			runOnlyForDeploymentPostprocessing = 0;
		};
/* End PBXResourcesBuildPhase section */

/* Begin PBXSourcesBuildPhase section */
		ED7777EB2424F5AC00E842AC /* Sources */ = {
			isa = PBXSourcesBuildPhase;
			buildActionMask = 2147483647;
			files = (
				ED7777FA2424F5AC00E842AC /* ViewController.m in Sources */,
				ED7777F42424F5AC00E842AC /* AppDelegate.m in Sources */,
				ED7778052424F5B400E842AC /* main.m in Sources */,
				ED7777F72424F5AC00E842AC /* SceneDelegate.m in Sources */,
				ED77780D2424F67100E842AC /* RSView.m in Sources */,
			);
			runOnlyForDeploymentPostprocessing = 0;
		};
/* End PBXSourcesBuildPhase section */

/* Begin PBXVariantGroup section */
		ED7777FB2424F5AC00E842AC /* Main.storyboard */ = {
			isa = PBXVariantGroup;
			children = (
				ED7777FC2424F5AC00E842AC /* Base */,
			);
			name = Main.storyboard;
			sourceTree = "<group>";
		};
		ED7778002424F5B400E842AC /* LaunchScreen.storyboard */ = {
			isa = PBXVariantGroup;
			children = (
				ED7778012424F5B400E842AC /* Base */,
			);
			name = LaunchScreen.storyboard;
			sourceTree = "<group>";
		};
/* End PBXVariantGroup section */

/* Begin XCBuildConfiguration section */
		ED7778062424F5B400E842AC /* Debug */ = {
			isa = XCBuildConfiguration;
			buildSettings = {
				ALWAYS_SEARCH_USER_PATHS = NO;
				CLANG_ANALYZER_NONNULL = YES;
				CLANG_ANALYZER_NUMBER_OBJECT_CONVERSION = YES_AGGRESSIVE;
				CLANG_CXX_LANGUAGE_STANDARD = "gnu++14";
				CLANG_CXX_LIBRARY = "libc++";
				CLANG_ENABLE_MODULES = YES;
				CLANG_ENABLE_OBJC_ARC = YES;
				CLANG_ENABLE_OBJC_WEAK = YES;
				CLANG_WARN_BLOCK_CAPTURE_AUTORELEASING = YES;
				CLANG_WARN_BOOL_CONVERSION = YES;
				CLANG_WARN_COMMA = YES;
				CLANG_WARN_CONSTANT_CONVERSION = YES;
				CLANG_WARN_DEPRECATED_OBJC_IMPLEMENTATIONS = YES;
				CLANG_WARN_DIRECT_OBJC_ISA_USAGE = YES_ERROR;
				CLANG_WARN_DOCUMENTATION_COMMENTS = YES;
				CLANG_WARN_EMPTY_BODY = YES;
				CLANG_WARN_ENUM_CONVERSION = YES;
				CLANG_WARN_INFINITE_RECURSION = YES;
				CLANG_WARN_INT_CONVERSION = YES;
				CLANG_WARN_NON_LITERAL_NULL_CONVERSION = YES;
				CLANG_WARN_OBJC_IMPLICIT_RETAIN_SELF = YES;
				CLANG_WARN_OBJC_LITERAL_CONVERSION = YES;
				CLANG_WARN_OBJC_ROOT_CLASS = YES_ERROR;
				CLANG_WARN_RANGE_LOOP_ANALYSIS = YES;
				CLANG_WARN_STRICT_PROTOTYPES = YES;
				CLANG_WARN_SUSPICIOUS_MOVE = YES;
				CLANG_WARN_UNGUARDED_AVAILABILITY = YES_AGGRESSIVE;
				CLANG_WARN_UNREACHABLE_CODE = YES;
				CLANG_WARN__DUPLICATE_METHOD_MATCH = YES;
				COPY_PHASE_STRIP = NO;
				DEBUG_INFORMATION_FORMAT = dwarf;
				ENABLE_STRICT_OBJC_MSGSEND = YES;
				ENABLE_TESTABILITY = YES;
				GCC_C_LANGUAGE_STANDARD = gnu11;
				GCC_DYNAMIC_NO_PIC = NO;
				GCC_NO_COMMON_BLOCKS = YES;
				GCC_OPTIMIZATION_LEVEL = 0;
				GCC_PREPROCESSOR_DEFINITIONS = (
					"DEBUG=1",
					"$(inherited)",
				);
				GCC_WARN_64_TO_32_BIT_CONVERSION = YES;
				GCC_WARN_ABOUT_RETURN_TYPE = YES_ERROR;
				GCC_WARN_UNDECLARED_SELECTOR = YES;
				GCC_WARN_UNINITIALIZED_AUTOS = YES_AGGRESSIVE;
				GCC_WARN_UNUSED_FUNCTION = YES;
				GCC_WARN_UNUSED_VARIABLE = YES;
				IPHONEOS_DEPLOYMENT_TARGET = 13.2;
				MTL_ENABLE_DEBUG_INFO = INCLUDE_SOURCE;
				MTL_FAST_MATH = YES;
				ONLY_ACTIVE_ARCH = YES;
				SDKROOT = iphoneos;
			};
			name = Debug;
		};
		ED7778072424F5B400E842AC /* Release */ = {
			isa = XCBuildConfiguration;
			buildSettings = {
				ALWAYS_SEARCH_USER_PATHS = NO;
				CLANG_ANALYZER_NONNULL = YES;
				CLANG_ANALYZER_NUMBER_OBJECT_CONVERSION = YES_AGGRESSIVE;
				CLANG_CXX_LANGUAGE_STANDARD = "gnu++14";
				CLANG_CXX_LIBRARY = "libc++";
				CLANG_ENABLE_MODULES = YES;
				CLANG_ENABLE_OBJC_ARC = YES;
				CLANG_ENABLE_OBJC_WEAK = YES;
				CLANG_WARN_BLOCK_CAPTURE_AUTORELEASING = YES;
				CLANG_WARN_BOOL_CONVERSION = YES;
				CLANG_WARN_COMMA = YES;
				CLANG_WARN_CONSTANT_CONVERSION = YES;
				CLANG_WARN_DEPRECATED_OBJC_IMPLEMENTATIONS = YES;
				CLANG_WARN_DIRECT_OBJC_ISA_USAGE = YES_ERROR;
				CLANG_WARN_DOCUMENTATION_COMMENTS = YES;
				CLANG_WARN_EMPTY_BODY = YES;
				CLANG_WARN_ENUM_CONVERSION = YES;
				CLANG_WARN_INFINITE_RECURSION = YES;
				CLANG_WARN_INT_CONVERSION = YES;
				CLANG_WARN_NON_LITERAL_NULL_CONVERSION = YES;
				CLANG_WARN_OBJC_IMPLICIT_RETAIN_SELF = YES;
				CLANG_WARN_OBJC_LITERAL_CONVERSION = YES;
				CLANG_WARN_OBJC_ROOT_CLASS = YES_ERROR;
				CLANG_WARN_RANGE_LOOP_ANALYSIS = YES;
				CLANG_WARN_STRICT_PROTOTYPES = YES;
				CLANG_WARN_SUSPICIOUS_MOVE = YES;
				CLANG_WARN_UNGUARDED_AVAILABILITY = YES_AGGRESSIVE;
				CLANG_WARN_UNREACHABLE_CODE = YES;
				CLANG_WARN__DUPLICATE_METHOD_MATCH = YES;
				COPY_PHASE_STRIP = NO;
				DEBUG_INFORMATION_FORMAT = "dwarf-with-dsym";
				ENABLE_NS_ASSERTIONS = NO;
				ENABLE_STRICT_OBJC_MSGSEND = YES;
				GCC_C_LANGUAGE_STANDARD = gnu11;
				GCC_NO_COMMON_BLOCKS = YES;
				GCC_WARN_64_TO_32_BIT_CONVERSION = YES;
				GCC_WARN_ABOUT_RETURN_TYPE = YES_ERROR;
				GCC_WARN_UNDECLARED_SELECTOR = YES;
				GCC_WARN_UNINITIALIZED_AUTOS = YES_AGGRESSIVE;
				GCC_WARN_UNUSED_FUNCTION = YES;
				GCC_WARN_UNUSED_VARIABLE = YES;
				IPHONEOS_DEPLOYMENT_TARGET = 13.2;
				MTL_ENABLE_DEBUG_INFO = NO;
				MTL_FAST_MATH = YES;
				SDKROOT = iphoneos;
				VALIDATE_PRODUCT = YES;
			};
			name = Release;
		};
		ED7778092424F5B400E842AC /* Debug */ = {
			isa = XCBuildConfiguration;
			buildSettings = {
				ASSETCATALOG_COMPILER_APPICON_NAME = AppIcon;
				CODE_SIGN_STYLE = Automatic;
				INFOPLIST_FILE = UIView/Info.plist;
				LD_RUNPATH_SEARCH_PATHS = (
					"$(inherited)",
					"@executable_path/Frameworks",
				);
				PRODUCT_BUNDLE_IDENTIFIER = com.diana.UIView;
				PRODUCT_NAME = "$(TARGET_NAME)";
				TARGETED_DEVICE_FAMILY = "1,2";
			};
			name = Debug;
		};
		ED77780A2424F5B400E842AC /* Release */ = {
			isa = XCBuildConfiguration;
			buildSettings = {
				ASSETCATALOG_COMPILER_APPICON_NAME = AppIcon;
				CODE_SIGN_STYLE = Automatic;
				INFOPLIST_FILE = UIView/Info.plist;
				LD_RUNPATH_SEARCH_PATHS = (
					"$(inherited)",
					"@executable_path/Frameworks",
				);
				PRODUCT_BUNDLE_IDENTIFIER = com.diana.UIView;
				PRODUCT_NAME = "$(TARGET_NAME)";
				TARGETED_DEVICE_FAMILY = "1,2";
			};
			name = Release;
		};
/* End XCBuildConfiguration section */

/* Begin XCConfigurationList section */
		ED7777EA2424F5AC00E842AC /* Build configuration list for PBXProject "UIView" */ = {
			isa = XCConfigurationList;
			buildConfigurations = (
				ED7778062424F5B400E842AC /* Debug */,
				ED7778072424F5B400E842AC /* Release */,
			);
			defaultConfigurationIsVisible = 0;
			defaultConfigurationName = Release;
		};
		ED7778082424F5B400E842AC /* Build configuration list for PBXNativeTarget "UIView" */ = {
			isa = XCConfigurationList;
			buildConfigurations = (
				ED7778092424F5B400E842AC /* Debug */,
				ED77780A2424F5B400E842AC /* Release */,
			);
			defaultConfigurationIsVisible = 0;
			defaultConfigurationName = Release;
		};
/* End XCConfigurationList section */
	};
	rootObject = ED7777E72424F5AC00E842AC /* Project object */;
}
